
Microsoft Visual Studio Solution File, Format Version 12.00
# Visual Studio Version 17
VisualStudioVersion = 17.3.32825.248
MinimumVisualStudioVersion = 10.0.40219.1
Project("{FAE04EC0-301F-11D3-BF4B-00C04F79EFBC}") = "BiciAppGeoPF.Android", "BiciAppGeoPF\BiciAppGeoPF.Android\BiciAppGeoPF.Android.csproj", "{66E9A6C4-7E7B-4131-AB7C-5081EFA7F012}"
EndProject
Project("{FAE04EC0-301F-11D3-BF4B-00C04F79EFBC}") = "BiciAppGeoPF.iOS", "BiciAppGeoPF\BiciAppGeoPF.iOS\BiciAppGeoPF.iOS.csproj", "{7A23F797-C045-4E36-B81C-B881F40DCC70}"
EndProject
Project("{FAE04EC0-301F-11D3-BF4B-00C04F79EFBC}") = "BiciAppGeoPF", "BiciAppGeoPF\BiciAppGeoPF\BiciAppGeoPF.csproj", "{B9FE9E20-2811-424A-A8A6-6182A668882B}"
EndProject
Global
	GlobalSection(SolutionConfigurationPlatforms) = preSolution
		Debug|Any CPU = Debug|Any CPU
		Debug|iPhone = Debug|iPhone
		Debug|iPhoneSimulator = Debug|iPhoneSimulator
		Release|Any CPU = Release|Any CPU
		Release|iPhone = Release|iPhone
		Release|iPhoneSimulator = Release|iPhoneSimulator
	EndGlobalSection
	GlobalSection(ProjectConfigurationPlatforms) = postSolution
		{66E9A6C4-7E7B-4131-AB7C-5081EFA7F012}.Debug|Any CPU.ActiveCfg = Debug|Any CPU
		{66E9A6C4-7E7B-4131-AB7C-5081EFA7F012}.Debug|Any CPU.Build.0 = Debug|Any CPU
		{66E9A6C4-7E7B-4131-AB7C-5081EFA7F012}.Debug|Any CPU.Deploy.0 = Debug|Any CPU
		{66E9A6C4-7E7B-4131-AB7C-5081EFA7F012}.Debug|iPhone.ActiveCfg = Debug|Any CPU
		{66E9A6C4-7E7B-4131-AB7C-5081EFA7F012}.Debug|iPhone.Build.0 = Debug|Any CPU
		{66E9A6C4-7E7B-4131-AB7C-5081EFA7F012}.Debug|iPhone.Deploy.0 = Debug|Any CPU
		{66E9A6C4-7E7B-4131-AB7C-5081EFA7F012}.Debug|iPhoneSimulator.ActiveCfg = Debug|Any CPU
		{66E9A6C4-7E7B-4131-AB7C-5081EFA7F012}.Debug|iPhoneSimulator.Build.0 = Debug|Any CPU
		{66E9A6C4-7E7B-4131-AB7C-5081EFA7F012}.Debug|iPhoneSimulator.Deploy.0 = Debug|Any CPU
		{66E9A6C4-7E7B-4131-AB7C-5081EFA7F012}.Release|Any CPU.ActiveCfg = Release|Any CPU
		{66E9A6C4-7E7B-4131-AB7C-5081EFA7F012}.Release|Any CPU.Build.0 = Release|Any CPU
		{66E9A6C4-7E7B-4131-AB7C-5081EFA7F012}.Release|Any CPU.Deploy.0 = Release|Any CPU
		{66E9A6C4-7E7B-4131-AB7C-5081EFA7F012}.Release|iPhone.ActiveCfg = Release|Any CPU
		{66E9A6C4-7E7B-4131-AB7C-5081EFA7F012}.Release|iPhone.Build.0 = Release|Any CPU
		{66E9A6C4-7E7B-4131-AB7C-5081EFA7F012}.Release|iPhone.Deploy.0 = Release|Any CPU
		{66E9A6C4-7E7B-4131-AB7C-5081EFA7F012}.Release|iPhoneSimulator.ActiveCfg = Release|Any CPU
		{66E9A6C4-7E7B-4131-AB7C-5081EFA7F012}.Release|iPhoneSimulator.Build.0 = Release|Any CPU
		{66E9A6C4-7E7B-4131-AB7C-5081EFA7F012}.Release|iPhoneSimulator.Deploy.0 = Release|Any CPU
		{7A23F797-C045-4E36-B81C-B881F40DCC70}.Debug|Any CPU.ActiveCfg = Debug|iPhone
		{7A23F797-C045-4E36-B81C-B881F40DCC70}.Debug|Any CPU.Build.0 = Debug|iPhone
		{7A23F797-C045-4E36-B81C-B881F40DCC70}.Debug|Any CPU.Deploy.0 = Debug|iPhone
		{7A23F797-C045-4E36-B81C-B881F40DCC70}.Debug|iPhone.ActiveCfg = Debug|iPhone
		{7A23F797-C045-4E36-B81C-B881F40DCC70}.Debug|iPhone.Build.0 = Debug|iPhone
		{7A23F797-C045-4E36-B81C-B881F40DCC70}.Debug|iPhone.Deploy.0 = Debug|iPhone
		{7A23F797-C045-4E36-B81C-B881F40DCC70}.Debug|iPhoneSimulator.ActiveCfg = Debug|iPhoneSimulator
		{7A23F797-C045-4E36-B81C-B881F40DCC70}.Debug|iPhoneSimulator.Build.0 = Debug|iPhoneSimulator
		{7A23F797-C045-4E36-B81C-B881F40DCC70}.Debug|iPhoneSimulator.Deploy.0 = Debug|iPhoneSimulator
		{7A23F797-C045-4E36-B81C-B881F40DCC70}.Release|Any CPU.ActiveCfg = Release|iPhoneSimulator
		{7A23F797-C045-4E36-B81C-B881F40DCC70}.Release|Any CPU.Build.0 = Release|iPhoneSimulator
		{7A23F797-C045-4E36-B81C-B881F40DCC70}.Release|Any CPU.Deploy.0 = Release|iPhoneSimulator
		{7A23F797-C045-4E36-B81C-B881F40DCC70}.Release|iPhone.ActiveCfg = Release|iPhone
		{7A23F797-C045-4E36-B81C-B881F40DCC70}.Release|iPhone.Build.0 = Release|iPhone
		{7A23F797-C045-4E36-B81C-B881F40DCC70}.Release|iPhone.Deploy.0 = Release|iPhone
		{7A23F797-C045-4E36-B81C-B881F40DCC70}.Release|iPhoneSimulator.ActiveCfg = Release|iPhoneSimulator
		{7A23F797-C045-4E36-B81C-B881F40DCC70}.Release|iPhoneSimulator.Build.0 = Release|iPhoneSimulator
		{7A23F797-C045-4E36-B81C-B881F40DCC70}.Release|iPhoneSimulator.Deploy.0 = Release|iPhoneSimulator
		{B9FE9E20-2811-424A-A8A6-6182A668882B}.Debug|Any CPU.ActiveCfg = Debug|Any CPU
		{B9FE9E20-2811-424A-A8A6-6182A668882B}.Debug|Any CPU.Build.0 = Debug|Any CPU
		{B9FE9E20-2811-424A-A8A6-6182A668882B}.Debug|Any CPU.Deploy.0 = Debug|Any CPU
		{B9FE9E20-2811-424A-A8A6-6182A668882B}.Debug|iPhone.ActiveCfg = Debug|Any CPU
		{B9FE9E20-2811-424A-A8A6-6182A668882B}.Debug|iPhone.Build.0 = Debug|Any CPU
		{B9FE9E20-2811-424A-A8A6-6182A668882B}.Debug|iPhone.Deploy.0 = Debug|Any CPU
		{B9FE9E20-2811-424A-A8A6-6182A668882B}.Debug|iPhoneSimulator.ActiveCfg = Debug|Any CPU
		{B9FE9E20-2811-424A-A8A6-6182A668882B}.Debug|iPhoneSimulator.Build.0 = Debug|Any CPU
		{B9FE9E20-2811-424A-A8A6-6182A668882B}.Debug|iPhoneSimulator.Deploy.0 = Debug|Any CPU
		{B9FE9E20-2811-424A-A8A6-6182A668882B}.Release|Any CPU.ActiveCfg = Release|Any CPU
		{B9FE9E20-2811-424A-A8A6-6182A668882B}.Release|Any CPU.Build.0 = Release|Any CPU
		{B9FE9E20-2811-424A-A8A6-6182A668882B}.Release|Any CPU.Deploy.0 = Release|Any CPU
		{B9FE9E20-2811-424A-A8A6-6182A668882B}.Release|iPhone.ActiveCfg = Release|Any CPU
		{B9FE9E20-2811-424A-A8A6-6182A668882B}.Release|iPhone.Build.0 = Release|Any CPU
		{B9FE9E20-2811-424A-A8A6-6182A668882B}.Release|iPhone.Deploy.0 = Release|Any CPU
		{B9FE9E20-2811-424A-A8A6-6182A668882B}.Release|iPhoneSimulator.ActiveCfg = Release|Any CPU
		{B9FE9E20-2811-424A-A8A6-6182A668882B}.Release|iPhoneSimulator.Build.0 = Release|Any CPU
		{B9FE9E20-2811-424A-A8A6-6182A668882B}.Release|iPhoneSimulator.Deploy.0 = Release|Any CPU
	EndGlobalSection
	GlobalSection(SolutionProperties) = preSolution
		HideSolutionNode = FALSE
	EndGlobalSection
	GlobalSection(ExtensibilityGlobals) = postSolution
		SolutionGuid = {A1AF03D6-6884-4D6C-9EE9-74672F16DFC7}
	EndGlobalSection
EndGlobal
